
Microsoft Visual Studio Solution File, Format Version 12.00
# Visual Studio 2012
Project("{2150E333-8FDC-42A3-9474-1A3956D46DE8}") = "Fontend", "Fontend", "{B548935E-BF30-475B-8D31-C8D04A9130E2}"
EndProject
Project("{2150E333-8FDC-42A3-9474-1A3956D46DE8}") = "Backend", "Backend", "{92A9D4DF-761F-4E8E-A920-D93E160C9876}"
EndProject
Project("{2150E333-8FDC-42A3-9474-1A3956D46DE8}") = "Common", "Common", "{B12FF451-EA3B-42D3-A1F6-8AD105F5C262}"
EndProject
Project("{2150E333-8FDC-42A3-9474-1A3956D46DE8}") = "Entity", "Entity", "{AAD766DD-8989-4E1B-9A4A-C55BE04D43A0}"
EndProject
Project("{2150E333-8FDC-42A3-9474-1A3956D46DE8}") = "DataAccessLayer", "DataAccessLayer", "{6FFB1B85-A557-4616-A3FE-AAE300637C22}"
EndProject
Project("{2150E333-8FDC-42A3-9474-1A3956D46DE8}") = "BusinessLayer", "BusinessLayer", "{E2C5DEA3-5F35-4392-BDD8-5432F04D2238}"
EndProject
Project("{FAE04EC0-301F-11D3-BF4B-00C04F79EFBC}") = "Henry.DataAccessLayer", "DataAccessLayer\Henry.DataAccessLayer\Henry.DataAccessLayer.csproj", "{2A3A1E77-6029-4550-A2EE-D35C00A97DFB}"
EndProject
Project("{FAE04EC0-301F-11D3-BF4B-00C04F79EFBC}") = "Henry.Common", "Common\Henry.Common\Henry.Common.csproj", "{1B12DE59-136F-479B-96E3-0052E242943D}"
EndProject
Project("{FAE04EC0-301F-11D3-BF4B-00C04F79EFBC}") = "Henry.BusinessLayer", "BusinessLayer\Henry.BusinessLayer\Henry.BusinessLayer.csproj", "{D076492B-612D-44AA-A56F-C4DF1BCEF0B0}"
EndProject
Project("{FAE04EC0-301F-11D3-BF4B-00C04F79EFBC}") = "Henry.Entity", "Entity\Henry.Entity\Henry.Entity.csproj", "{9D17BB56-E301-4DBC-8AED-5ADFF40B768D}"
EndProject
Project("{FAE04EC0-301F-11D3-BF4B-00C04F79EFBC}") = "FrontSite", "Front\FrontSite\FrontSite.csproj", "{425D5855-5873-4D45-A1C2-1E0C818F173F}"
EndProject
Project("{FAE04EC0-301F-11D3-BF4B-00C04F79EFBC}") = "Manage", "Manage\Manage.csproj", "{19B0BB97-DF51-4DD2-86F7-E3C5C7F647E5}"
EndProject
Project("{FAE04EC0-301F-11D3-BF4B-00C04F79EFBC}") = "Henry.Manage.BusinessLayer", "Henry.Manage.BusinessLayer\Henry.Manage.BusinessLayer.csproj", "{120DE363-EDCA-4668-B40A-F1AA8BFF985E}"
EndProject
Project("{FAE04EC0-301F-11D3-BF4B-00C04F79EFBC}") = "Henry.Manage.DataAccessLayer", "Henry.Manage.DataAccessLayer\Henry.Manage.DataAccessLayer.csproj", "{B2804B79-116A-452E-98B5-0AD74F5408AD}"
EndProject
Global
	GlobalSection(SolutionConfigurationPlatforms) = preSolution
		Debug|Any CPU = Debug|Any CPU
		Release|Any CPU = Release|Any CPU
	EndGlobalSection
	GlobalSection(ProjectConfigurationPlatforms) = postSolution
		{2A3A1E77-6029-4550-A2EE-D35C00A97DFB}.Debug|Any CPU.ActiveCfg = Debug|Any CPU
		{2A3A1E77-6029-4550-A2EE-D35C00A97DFB}.Debug|Any CPU.Build.0 = Debug|Any CPU
		{2A3A1E77-6029-4550-A2EE-D35C00A97DFB}.Release|Any CPU.ActiveCfg = Release|Any CPU
		{2A3A1E77-6029-4550-A2EE-D35C00A97DFB}.Release|Any CPU.Build.0 = Release|Any CPU
		{1B12DE59-136F-479B-96E3-0052E242943D}.Debug|Any CPU.ActiveCfg = Debug|Any CPU
		{1B12DE59-136F-479B-96E3-0052E242943D}.Debug|Any CPU.Build.0 = Debug|Any CPU
		{1B12DE59-136F-479B-96E3-0052E242943D}.Release|Any CPU.ActiveCfg = Release|Any CPU
		{1B12DE59-136F-479B-96E3-0052E242943D}.Release|Any CPU.Build.0 = Release|Any CPU
		{D076492B-612D-44AA-A56F-C4DF1BCEF0B0}.Debug|Any CPU.ActiveCfg = Debug|Any CPU
		{D076492B-612D-44AA-A56F-C4DF1BCEF0B0}.Debug|Any CPU.Build.0 = Debug|Any CPU
		{D076492B-612D-44AA-A56F-C4DF1BCEF0B0}.Release|Any CPU.ActiveCfg = Release|Any CPU
		{D076492B-612D-44AA-A56F-C4DF1BCEF0B0}.Release|Any CPU.Build.0 = Release|Any CPU
		{9D17BB56-E301-4DBC-8AED-5ADFF40B768D}.Debug|Any CPU.ActiveCfg = Debug|Any CPU
		{9D17BB56-E301-4DBC-8AED-5ADFF40B768D}.Debug|Any CPU.Build.0 = Debug|Any CPU
		{9D17BB56-E301-4DBC-8AED-5ADFF40B768D}.Release|Any CPU.ActiveCfg = Release|Any CPU
		{9D17BB56-E301-4DBC-8AED-5ADFF40B768D}.Release|Any CPU.Build.0 = Release|Any CPU
		{425D5855-5873-4D45-A1C2-1E0C818F173F}.Debug|Any CPU.ActiveCfg = Debug|Any CPU
		{425D5855-5873-4D45-A1C2-1E0C818F173F}.Debug|Any CPU.Build.0 = Debug|Any CPU
		{425D5855-5873-4D45-A1C2-1E0C818F173F}.Release|Any CPU.ActiveCfg = Release|Any CPU
		{425D5855-5873-4D45-A1C2-1E0C818F173F}.Release|Any CPU.Build.0 = Release|Any CPU
		{19B0BB97-DF51-4DD2-86F7-E3C5C7F647E5}.Debug|Any CPU.ActiveCfg = Debug|Any CPU
		{19B0BB97-DF51-4DD2-86F7-E3C5C7F647E5}.Debug|Any CPU.Build.0 = Debug|Any CPU
		{19B0BB97-DF51-4DD2-86F7-E3C5C7F647E5}.Release|Any CPU.ActiveCfg = Release|Any CPU
		{19B0BB97-DF51-4DD2-86F7-E3C5C7F647E5}.Release|Any CPU.Build.0 = Release|Any CPU
		{120DE363-EDCA-4668-B40A-F1AA8BFF985E}.Debug|Any CPU.ActiveCfg = Debug|Any CPU
		{120DE363-EDCA-4668-B40A-F1AA8BFF985E}.Debug|Any CPU.Build.0 = Debug|Any CPU
		{120DE363-EDCA-4668-B40A-F1AA8BFF985E}.Release|Any CPU.ActiveCfg = Release|Any CPU
		{120DE363-EDCA-4668-B40A-F1AA8BFF985E}.Release|Any CPU.Build.0 = Release|Any CPU
		{B2804B79-116A-452E-98B5-0AD74F5408AD}.Debug|Any CPU.ActiveCfg = Debug|Any CPU
		{B2804B79-116A-452E-98B5-0AD74F5408AD}.Debug|Any CPU.Build.0 = Debug|Any CPU
		{B2804B79-116A-452E-98B5-0AD74F5408AD}.Release|Any CPU.ActiveCfg = Release|Any CPU
		{B2804B79-116A-452E-98B5-0AD74F5408AD}.Release|Any CPU.Build.0 = Release|Any CPU
	EndGlobalSection
	GlobalSection(SolutionProperties) = preSolution
		HideSolutionNode = FALSE
	EndGlobalSection
	GlobalSection(NestedProjects) = preSolution
		{425D5855-5873-4D45-A1C2-1E0C818F173F} = {B548935E-BF30-475B-8D31-C8D04A9130E2}
		{19B0BB97-DF51-4DD2-86F7-E3C5C7F647E5} = {92A9D4DF-761F-4E8E-A920-D93E160C9876}
		{120DE363-EDCA-4668-B40A-F1AA8BFF985E} = {92A9D4DF-761F-4E8E-A920-D93E160C9876}
		{B2804B79-116A-452E-98B5-0AD74F5408AD} = {92A9D4DF-761F-4E8E-A920-D93E160C9876}
		{1B12DE59-136F-479B-96E3-0052E242943D} = {B12FF451-EA3B-42D3-A1F6-8AD105F5C262}
		{9D17BB56-E301-4DBC-8AED-5ADFF40B768D} = {AAD766DD-8989-4E1B-9A4A-C55BE04D43A0}
		{2A3A1E77-6029-4550-A2EE-D35C00A97DFB} = {6FFB1B85-A557-4616-A3FE-AAE300637C22}
		{D076492B-612D-44AA-A56F-C4DF1BCEF0B0} = {E2C5DEA3-5F35-4392-BDD8-5432F04D2238}
	EndGlobalSection
EndGlobal
